
Microsoft Visual Studio Solution File, Format Version 12.00
# Visual Studio Version 17
VisualStudioVersion = 17.1.32421.90
MinimumVisualStudioVersion = 10.0.40219.1
Project("{9A19103F-16F7-4668-BE54-9A1E7A4F7556}") = "TNArch.DependencyInjection.Convention", "TNArch.DependencyInjection.Convention\TNArch.DependencyInjection.Convention.csproj", "{A2859EE2-D870-4BB3-B53F-979AAEB054C5}"
EndProject
Project("{FAE04EC0-301F-11D3-BF4B-00C04F79EFBC}") = "TNArch.DependencyInjection.Convention.Demo", "TNArch.DependencyInjection.Convention.Demo\TNArch.DependencyInjection.Convention.Demo.csproj", "{9AFE1626-873F-4866-BB63-B84C55F29A98}"
EndProject
Project("{FAE04EC0-301F-11D3-BF4B-00C04F79EFBC}") = "TNArch.DependencyInjection.Convention.Tests", "TNArch.DependencyInjection.Convention.Tests\TNArch.DependencyInjection.Convention.Tests.csproj", "{813A2A11-DDFC-446A-9D99-C2C84B58C804}"
EndProject
Global
	GlobalSection(SolutionConfigurationPlatforms) = preSolution
		Debug|Any CPU = Debug|Any CPU
		Release|Any CPU = Release|Any CPU
	EndGlobalSection
	GlobalSection(ProjectConfigurationPlatforms) = postSolution
		{A2859EE2-D870-4BB3-B53F-979AAEB054C5}.Debug|Any CPU.ActiveCfg = Debug|Any CPU
		{A2859EE2-D870-4BB3-B53F-979AAEB054C5}.Debug|Any CPU.Build.0 = Debug|Any CPU
		{A2859EE2-D870-4BB3-B53F-979AAEB054C5}.Release|Any CPU.ActiveCfg = Release|Any CPU
		{A2859EE2-D870-4BB3-B53F-979AAEB054C5}.Release|Any CPU.Build.0 = Release|Any CPU
		{9AFE1626-873F-4866-BB63-B84C55F29A98}.Debug|Any CPU.ActiveCfg = Debug|Any CPU
		{9AFE1626-873F-4866-BB63-B84C55F29A98}.Debug|Any CPU.Build.0 = Debug|Any CPU
		{9AFE1626-873F-4866-BB63-B84C55F29A98}.Release|Any CPU.ActiveCfg = Release|Any CPU
		{9AFE1626-873F-4866-BB63-B84C55F29A98}.Release|Any CPU.Build.0 = Release|Any CPU
		{813A2A11-DDFC-446A-9D99-C2C84B58C804}.Debug|Any CPU.ActiveCfg = Debug|Any CPU
		{813A2A11-DDFC-446A-9D99-C2C84B58C804}.Debug|Any CPU.Build.0 = Debug|Any CPU
		{813A2A11-DDFC-446A-9D99-C2C84B58C804}.Release|Any CPU.ActiveCfg = Release|Any CPU
		{813A2A11-DDFC-446A-9D99-C2C84B58C804}.Release|Any CPU.Build.0 = Release|Any CPU
	EndGlobalSection
	GlobalSection(SolutionProperties) = preSolution
		HideSolutionNode = FALSE
	EndGlobalSection
	GlobalSection(ExtensibilityGlobals) = postSolution
		SolutionGuid = {5A47534E-CBE8-4C4E-A7A8-A20614855B82}
	EndGlobalSection
EndGlobal
